<?xml version="1.0" encoding="utf-8"?>
<Project ToolsVersion="4.0" xmlns="http://schemas.microsoft.com/developer/msbuild/2003">
  <ItemGroup>
    <Filter Include="Source Files">
      <UniqueIdentifier>{7de2790f-eaba-4a62-af9d-39c0a0fd43e8}</UniqueIdentifier>
    </Filter>
  </ItemGroup>
  <ItemGroup>
    <ClInclude Include="..\src\bmputils.h">
      <Filter>Source Files</Filter>
    </ClInclude>
    <ClInclude Include="..\src\readshg.h">
      <Filter>Source Files</Filter>
    </ClInclude>
    <ClInclude Include="..\src\rtfutils.h">
      <Filter>Source Files</Filter>
    </ClInclude>
    <ClInclude Include="..\src\symbols.h">
      <Filter>Source Files</Filter>
    </ClInclude>
    <ClInclude Include="..\src\table.h">
      <Filter>Source Files</Filter>
    </ClInclude>
    <ClInclude Include="..\src\tex2any.h">
      <Filter>Source Files</Filter>
    </ClInclude>
    <ClInclude Include="..\src\tex2rtf.h">
      <Filter>Source Files</Filter>
    </ClInclude>
  </ItemGroup>
  <ItemGroup>
    <ClCompile Include="..\src\htmlutil.cpp">
      <Filter>Source Files</Filter>
    </ClCompile>
    <ClCompile Include="..\src\maths.cpp">
      <Filter>Source Files</Filter>
    </ClCompile>
    <ClCompile Include="..\src\readshg.cpp">
      <Filter>Source Files</Filter>
    </ClCompile>
    <ClCompile Include="..\src\rtfutils.cpp">
      <Filter>Source Files</Filter>
    </ClCompile>
    <ClCompile Include="..\src\table.cpp">
      <Filter>Source Files</Filter>
    </ClCompile>
    <ClCompile Include="..\src\tex2any.cpp">
      <Filter>Source Files</Filter>
    </ClCompile>
    <ClCompile Include="..\src\tex2rtf.cpp">
      <Filter>Source Files</Filter>
    </ClCompile>
    <ClCompile Include="..\src\texutils.cpp">
      <Filter>Source Files</Filter>
    </ClCompile>
  </ItemGroup>
  <ItemGroup>
    <None Include="..\src\Makefile.am" />
  </ItemGroup>
</Project>